// !$*UTF8*$!
{
	archiveVersion = 1;
	classes = {
	};
	objectVersion = 77;
	objects = {

/* Begin PBXContainerItemProxy section */
		02A412DB2D79EEAE0015206B /* PBXContainerItemProxy */ = {
			isa = PBXContainerItemProxy;
			containerPortal = 02A412BC2D79EEAB0015206B /* Project object */;
			proxyType = 1;
			remoteGlobalIDString = 02A412C32D79EEAB0015206B;
			remoteInfo = MHAheroRandomizer;
		};
		02A412E52D79EEAE0015206B /* PBXContainerItemProxy */ = {
			isa = PBXContainerItemProxy;
			containerPortal = 02A412BC2D79EEAB0015206B /* Project object */;
			proxyType = 1;
			remoteGlobalIDString = 02A412C32D79EEAB0015206B;
			remoteInfo = MHAheroRandomizer;
		};
/* End PBXContainerItemProxy section */

/* Begin PBXFileReference section */
		02A412C42D79EEAB0015206B /* MHAheroRandomizer.app */ = {isa = PBXFileReference; explicitFileType = wrapper.application; includeInIndex = 0; path = MHAheroRandomizer.app; sourceTree = BUILT_PRODUCTS_DIR; };
		02A412DA2D79EEAE0015206B /* MHAheroRandomizerTests.xctest */ = {isa = PBXFileReference; explicitFileType = wrapper.cfbundle; includeInIndex = 0; path = MHAheroRandomizerTests.xctest; sourceTree = BUILT_PRODUCTS_DIR; };
		02A412E42D79EEAE0015206B /* MHAheroRandomizerUITests.xctest */ = {isa = PBXFileReference; explicitFileType = wrapper.cfbundle; includeInIndex = 0; path = MHAheroRandomizerUITests.xctest; sourceTree = BUILT_PRODUCTS_DIR; };
/* End PBXFileReference section */

/* Begin PBXFileSystemSynchronizedBuildFileExceptionSet section */
		02A412EC2D79EEAE0015206B /* Exceptions for "MHAheroRandomizer" folder in "MHAheroRandomizer" target */ = {
			isa = PBXFileSystemSynchronizedBuildFileExceptionSet;
			membershipExceptions = (
				Info.plist,
			);
			target = 02A412C32D79EEAB0015206B /* MHAheroRandomizer */;
		};
/* End PBXFileSystemSynchronizedBuildFileExceptionSet section */

/* Begin PBXFileSystemSynchronizedRootGroup section */
		02A412C62D79EEAB0015206B /* MHAheroRandomizer */ = {
			isa = PBXFileSystemSynchronizedRootGroup;
			exceptions = (
				02A412EC2D79EEAE0015206B /* Exceptions for "MHAheroRandomizer" folder in "MHAheroRandomizer" target */,
			);
			path = MHAheroRandomizer;
			sourceTree = "<group>";
		};
		02A412DD2D79EEAE0015206B /* MHAheroRandomizerTests */ = {
			isa = PBXFileSystemSynchronizedRootGroup;
			path = MHAheroRandomizerTests;
			sourceTree = "<group>";
		};
		02A412E72D79EEAE0015206B /* MHAheroRandomizerUITests */ = {
			isa = PBXFileSystemSynchronizedRootGroup;
			path = MHAheroRandomizerUITests;
			sourceTree = "<group>";
		};
/* End PBXFileSystemSynchronizedRootGroup section */

/* Begin PBXFrameworksBuildPhase section */
		02A412C12D79EEAB0015206B /* Frameworks */ = {
			isa = PBXFrameworksBuildPhase;
			buildActionMask = 2147483647;
			files = (
			);
			runOnlyForDeploymentPostprocessing = 0;
		};
		02A412D72D79EEAE0015206B /* Frameworks */ = {
			isa = PBXFrameworksBuildPhase;
			buildActionMask = 2147483647;
			files = (
			);
			runOnlyForDeploymentPostprocessing = 0;
		};
		02A412E12D79EEAE0015206B /* Frameworks */ = {
			isa = PBXFrameworksBuildPhase;
			buildActionMask = 2147483647;
			files = (
			);
			runOnlyForDeploymentPostprocessing = 0;
		};
/* End PBXFrameworksBuildPhase section */

/* Begin PBXGroup section */
		02A412BB2D79EEAB0015206B = {
			isa = PBXGroup;
			children = (
				02A412C62D79EEAB0015206B /* MHAheroRandomizer */,
				02A412DD2D79EEAE0015206B /* MHAheroRandomizerTests */,
				02A412E72D79EEAE0015206B /* MHAheroRandomizerUITests */,
				02A412C52D79EEAB0015206B /* Products */,
			);
			sourceTree = "<group>";
		};
		02A412C52D79EEAB0015206B /* Products */ = {
			isa = PBXGroup;
			children = (
				02A412C42D79EEAB0015206B /* MHAheroRandomizer.app */,
				02A412DA2D79EEAE0015206B /* MHAheroRandomizerTests.xctest */,
				02A412E42D79EEAE0015206B /* MHAheroRandomizerUITests.xctest */,
			);
			name = Products;
			sourceTree = "<group>";
		};
/* End PBXGroup section */

/* Begin PBXNativeTarget section */
		02A412C32D79EEAB0015206B /* MHAheroRandomizer */ = {
			isa = PBXNativeTarget;
			buildConfigurationList = 02A412ED2D79EEAE0015206B /* Build configuration list for PBXNativeTarget "MHAheroRandomizer" */;
			buildPhases = (
				02A412C02D79EEAB0015206B /* Sources */,
				02A412C12D79EEAB0015206B /* Frameworks */,
				02A412C22D79EEAB0015206B /* Resources */,
			);
			buildRules = (
			);
			dependencies = (
			);
			fileSystemSynchronizedGroups = (
				02A412C62D79EEAB0015206B /* MHAheroRandomizer */,
			);
			name = MHAheroRandomizer;
			packageProductDependencies = (
			);
			productName = MHAheroRandomizer;
			productReference = 02A412C42D79EEAB0015206B /* MHAheroRandomizer.app */;
			productType = "com.apple.product-type.application";
		};
		02A412D92D79EEAE0015206B /* MHAheroRandomizerTests */ = {
			isa = PBXNativeTarget;
			buildConfigurationList = 02A412F22D79EEAE0015206B /* Build configuration list for PBXNativeTarget "MHAheroRandomizerTests" */;
			buildPhases = (
				02A412D62D79EEAE0015206B /* Sources */,
				02A412D72D79EEAE0015206B /* Frameworks */,
				02A412D82D79EEAE0015206B /* Resources */,
			);
			buildRules = (
			);
			dependencies = (
				02A412DC2D79EEAE0015206B /* PBXTargetDependency */,
			);
			fileSystemSynchronizedGroups = (
				02A412DD2D79EEAE0015206B /* MHAheroRandomizerTests */,
			);
			name = MHAheroRandomizerTests;
			packageProductDependencies = (
			);
			productName = MHAheroRandomizerTests;
			productReference = 02A412DA2D79EEAE0015206B /* MHAheroRandomizerTests.xctest */;
			productType = "com.apple.product-type.bundle.unit-test";
		};
		02A412E32D79EEAE0015206B /* MHAheroRandomizerUITests */ = {
			isa = PBXNativeTarget;
			buildConfigurationList = 02A412F52D79EEAE0015206B /* Build configuration list for PBXNativeTarget "MHAheroRandomizerUITests" */;
			buildPhases = (
				02A412E02D79EEAE0015206B /* Sources */,
				02A412E12D79EEAE0015206B /* Frameworks */,
				02A412E22D79EEAE0015206B /* Resources */,
			);
			buildRules = (
			);
			dependencies = (
				02A412E62D79EEAE0015206B /* PBXTargetDependency */,
			);
			fileSystemSynchronizedGroups = (
				02A412E72D79EEAE0015206B /* MHAheroRandomizerUITests */,
			);
			name = MHAheroRandomizerUITests;
			packageProductDependencies = (
			);
			productName = MHAheroRandomizerUITests;
			productReference = 02A412E42D79EEAE0015206B /* MHAheroRandomizerUITests.xctest */;
			productType = "com.apple.product-type.bundle.ui-testing";
		};
/* End PBXNativeTarget section */

/* Begin PBXProject section */
		02A412BC2D79EEAB0015206B /* Project object */ = {
			isa = PBXProject;
			attributes = {
				BuildIndependentTargetsInParallel = 1;
				LastSwiftUpdateCheck = 1620;
				LastUpgradeCheck = 1620;
				TargetAttributes = {
					02A412C32D79EEAB0015206B = {
						CreatedOnToolsVersion = 16.2;
					};
					02A412D92D79EEAE0015206B = {
						CreatedOnToolsVersion = 16.2;
						TestTargetID = 02A412C32D79EEAB0015206B;
					};
					02A412E32D79EEAE0015206B = {
						CreatedOnToolsVersion = 16.2;
						TestTargetID = 02A412C32D79EEAB0015206B;
					};
				};
			};
			buildConfigurationList = 02A412BF2D79EEAB0015206B /* Build configuration list for PBXProject "MHAheroRandomizer" */;
			developmentRegion = en;
			hasScannedForEncodings = 0;
			knownRegions = (
				en,
				Base,
			);
			mainGroup = 02A412BB2D79EEAB0015206B;
			minimizedProjectReferenceProxies = 1;
			preferredProjectObjectVersion = 77;
			productRefGroup = 02A412C52D79EEAB0015206B /* Products */;
			projectDirPath = "";
			projectRoot = "";
			targets = (
				02A412C32D79EEAB0015206B /* MHAheroRandomizer */,
				02A412D92D79EEAE0015206B /* MHAheroRandomizerTests */,
				02A412E32D79EEAE0015206B /* MHAheroRandomizerUITests */,
			);
		};
/* End PBXProject section */

/* Begin PBXResourcesBuildPhase section */
		02A412C22D79EEAB0015206B /* Resources */ = {
			isa = PBXResourcesBuildPhase;
			buildActionMask = 2147483647;
			files = (
			);
			runOnlyForDeploymentPostprocessing = 0;
		};
		02A412D82D79EEAE0015206B /* Resources */ = {
			isa = PBXResourcesBuildPhase;
			buildActionMask = 2147483647;
			files = (
			);
			runOnlyForDeploymentPostprocessing = 0;
		};
		02A412E22D79EEAE0015206B /* Resources */ = {
			isa = PBXResourcesBuildPhase;
			buildActionMask = 2147483647;
			files = (
			);
			runOnlyForDeploymentPostprocessing = 0;
		};
/* End PBXResourcesBuildPhase section */

/* Begin PBXSourcesBuildPhase section */
		02A412C02D79EEAB0015206B /* Sources */ = {
			isa = PBXSourcesBuildPhase;
			buildActionMask = 2147483647;
			files = (
			);
			runOnlyForDeploymentPostprocessing = 0;
		};
		02A412D62D79EEAE0015206B /* Sources */ = {
			isa = PBXSourcesBuildPhase;
			buildActionMask = 2147483647;
			files = (
			);
			runOnlyForDeploymentPostprocessing = 0;
		};
		02A412E02D79EEAE0015206B /* Sources */ = {
			isa = PBXSourcesBuildPhase;
			buildActionMask = 2147483647;
			files = (
			);
			runOnlyForDeploymentPostprocessing = 0;
		};
/* End PBXSourcesBuildPhase section */

/* Begin PBXTargetDependency section */
		02A412DC2D79EEAE0015206B /* PBXTargetDependency */ = {
			isa = PBXTargetDependency;
			target = 02A412C32D79EEAB0015206B /* MHAheroRandomizer */;
			targetProxy = 02A412DB2D79EEAE0015206B /* PBXContainerItemProxy */;
		};
		02A412E62D79EEAE0015206B /* PBXTargetDependency */ = {
			isa = PBXTargetDependency;
			target = 02A412C32D79EEAB0015206B /* MHAheroRandomizer */;
			targetProxy = 02A412E52D79EEAE0015206B /* PBXContainerItemProxy */;
		};
/* End PBXTargetDependency section */

/* Begin XCBuildConfiguration section */
		02A412EE2D79EEAE0015206B /* Debug */ = {
			isa = XCBuildConfiguration;
			buildSettings = {
				ASSETCATALOG_COMPILER_APPICON_NAME = AppIcon;
				ASSETCATALOG_COMPILER_GLOBAL_ACCENT_COLOR_NAME = AccentColor;
				CODE_SIGN_STYLE = Automatic;
				CURRENT_PROJECT_VERSION = 1;
				DEVELOPMENT_TEAM = LAC37QCH22;
				GENERATE_INFOPLIST_FILE = YES;
				INFOPLIST_FILE = MHAheroRandomizer/Info.plist;
				INFOPLIST_KEY_UIApplicationSupportsIndirectInputEvents = YES;
				INFOPLIST_KEY_UILaunchStoryboardName = LaunchScreen;
				INFOPLIST_KEY_UIMainStoryboardFile = Main;
				INFOPLIST_KEY_UISupportedInterfaceOrientations_iPad = "UIInterfaceOrientationPortrait UIInterfaceOrientationPortraitUpsideDown UIInterfaceOrientationLandscapeLeft UIInterfaceOrientationLandscapeRight";
				INFOPLIST_KEY_UISupportedInterfaceOrientations_iPhone = "UIInterfaceOrientationPortrait UIInterfaceOrientationLandscapeLeft UIInterfaceOrientationLandscapeRight";
				LD_RUNPATH_SEARCH_PATHS = (
					"$(inherited)",
					"@executable_path/Frameworks",
				);
				MARKETING_VERSION = 1.0;
				PRODUCT_BUNDLE_IDENTIFIER = abitova.MHAheroRandomizer;
				PRODUCT_NAME = "$(TARGET_NAME)";
				SWIFT_EMIT_LOC_STRINGS = YES;
				SWIFT_VERSION = 5.0;
				TARGETED_DEVICE_FAMILY = "1,2";
			};
			name = Debug;
		};
		02A412EF2D79EEAE0015206B /* Release */ = {
			isa = XCBuildConfiguration;
			buildSettings = {
				ASSETCATALOG_COMPILER_APPICON_NAME = AppIcon;
				ASSETCATALOG_COMPILER_GLOBAL_ACCENT_COLOR_NAME = AccentColor;
				CODE_SIGN_STYLE = Automatic;
				CURRENT_PROJECT_VERSION = 1;
				DEVELOPMENT_TEAM = LAC37QCH22;
				GENERATE_INFOPLIST_FILE = YES;
				INFOPLIST_FILE = MHAheroRandomizer/Info.plist;
				INFOPLIST_KEY_UIApplicationSupportsIndirectInputEvents = YES;
				INFOPLIST_KEY_UILaunchStoryboardName = LaunchScreen;
				INFOPLIST_KEY_UIMainStoryboardFile = Main;
				INFOPLIST_KEY_UISupportedInterfaceOrientations_iPad = "UIInterfaceOrientationPortrait UIInterfaceOrientationPortraitUpsideDown UIInterfaceOrientationLandscapeLeft UIInterfaceOrientationLandscapeRight";
				INFOPLIST_KEY_UISupportedInterfaceOrientations_iPhone = "UIInterfaceOrientationPortrait UIInterfaceOrientationLandscapeLeft UIInterfaceOrientationLandscapeRight";
				LD_RUNPATH_SEARCH_PATHS = (
					"$(inherited)",
					"@executable_path/Frameworks",
				);
				MARKETING_VERSION = 1.0;
				PRODUCT_BUNDLE_IDENTIFIER = abitova.MHAheroRandomizer;
				PRODUCT_NAME = "$(TARGET_NAME)";
				SWIFT_EMIT_LOC_STRINGS = YES;
				SWIFT_VERSION = 5.0;
				TARGETED_DEVICE_FAMILY = "1,2";
			};
			name = Release;
		};
		02A412F02D79EEAE0015206B /* Debug */ = {
			isa = XCBuildConfiguration;
			buildSettings = {
				ALWAYS_SEARCH_USER_PATHS = NO;
				ASSETCATALOG_COMPILER_GENERATE_SWIFT_ASSET_SYMBOL_EXTENSIONS = YES;
				CLANG_ANALYZER_NONNULL = YES;
				CLANG_ANALYZER_NUMBER_OBJECT_CONVERSION = YES_AGGRESSIVE;
				CLANG_CXX_LANGUAGE_STANDARD = "gnu++20";
				CLANG_ENABLE_MODULES = YES;
				CLANG_ENABLE_OBJC_ARC = YES;
				CLANG_ENABLE_OBJC_WEAK = YES;
				CLANG_WARN_BLOCK_CAPTURE_AUTORELEASING = YES;
				CLANG_WARN_BOOL_CONVERSION = YES;
				CLANG_WARN_COMMA = YES;
				CLANG_WARN_CONSTANT_CONVERSION = YES;
				CLANG_WARN_DEPRECATED_OBJC_IMPLEMENTATIONS = YES;
				CLANG_WARN_DIRECT_OBJC_ISA_USAGE = YES_ERROR;
				CLANG_WARN_DOCUMENTATION_COMMENTS = YES;
				CLANG_WARN_EMPTY_BODY = YES;
				CLANG_WARN_ENUM_CONVERSION = YES;
				CLANG_WARN_INFINITE_RECURSION = YES;
				CLANG_WARN_INT_CONVERSION = YES;
				CLANG_WARN_NON_LITERAL_NULL_CONVERSION = YES;
				CLANG_WARN_OBJC_IMPLICIT_RETAIN_SELF = YES;
				CLANG_WARN_OBJC_LITERAL_CONVERSION = YES;
				CLANG_WARN_OBJC_ROOT_CLASS = YES_ERROR;
				CLANG_WARN_QUOTED_INCLUDE_IN_FRAMEWORK_HEADER = YES;
				CLANG_WARN_RANGE_LOOP_ANALYSIS = YES;
				CLANG_WARN_STRICT_PROTOTYPES = YES;
				CLANG_WARN_SUSPICIOUS_MOVE = YES;
				CLANG_WARN_UNGUARDED_AVAILABILITY = YES_AGGRESSIVE;
				CLANG_WARN_UNREACHABLE_CODE = YES;
				CLANG_WARN__DUPLICATE_METHOD_MATCH = YES;
				COPY_PHASE_STRIP = NO;
				DEBUG_INFORMATION_FORMAT = dwarf;
				ENABLE_STRICT_OBJC_MSGSEND = YES;
				ENABLE_TESTABILITY = YES;
				ENABLE_USER_SCRIPT_SANDBOXING = YES;
				GCC_C_LANGUAGE_STANDARD = gnu17;
				GCC_DYNAMIC_NO_PIC = NO;
				GCC_NO_COMMON_BLOCKS = YES;
				GCC_OPTIMIZATION_LEVEL = 0;
				GCC_PREPROCESSOR_DEFINITIONS = (
					"DEBUG=1",
					"$(inherited)",
				);
				GCC_WARN_64_TO_32_BIT_CONVERSION = YES;
				GCC_WARN_ABOUT_RETURN_TYPE = YES_ERROR;
				GCC_WARN_UNDECLARED_SELECTOR = YES;
				GCC_WARN_UNINITIALIZED_AUTOS = YES_AGGRESSIVE;
				GCC_WARN_UNUSED_FUNCTION = YES;
				GCC_WARN_UNUSED_VARIABLE = YES;
				IPHONEOS_DEPLOYMENT_TARGET = 18.2;
				LOCALIZATION_PREFERS_STRING_CATALOGS = YES;
				MTL_ENABLE_DEBUG_INFO = INCLUDE_SOURCE;
				MTL_FAST_MATH = YES;
				ONLY_ACTIVE_ARCH = YES;
				SDKROOT = iphoneos;
				SWIFT_ACTIVE_COMPILATION_CONDITIONS = "DEBUG $(inherited)";
				SWIFT_OPTIMIZATION_LEVEL = "-Onone";
			};
			name = Debug;
		};
		02A412F12D79EEAE0015206B /* Release */ = {
			isa = XCBuildConfiguration;
			buildSettings = {
				ALWAYS_SEARCH_USER_PATHS = NO;
				ASSETCATALOG_COMPILER_GENERATE_SWIFT_ASSET_SYMBOL_EXTENSIONS = YES;
				CLANG_ANALYZER_NONNULL = YES;
				CLANG_ANALYZER_NUMBER_OBJECT_CONVERSION = YES_AGGRESSIVE;
				CLANG_CXX_LANGUAGE_STANDARD = "gnu++20";
				CLANG_ENABLE_MODULES = YES;
				CLANG_ENABLE_OBJC_ARC = YES;
				CLANG_ENABLE_OBJC_WEAK = YES;
				CLANG_WARN_BLOCK_CAPTURE_AUTORELEASING = YES;
				CLANG_WARN_BOOL_CONVERSION = YES;
				CLANG_WARN_COMMA = YES;
				CLANG_WARN_CONSTANT_CONVERSION = YES;
				CLANG_WARN_DEPRECATED_OBJC_IMPLEMENTATIONS = YES;
				CLANG_WARN_DIRECT_OBJC_ISA_USAGE = YES_ERROR;
				CLANG_WARN_DOCUMENTATION_COMMENTS = YES;
				CLANG_WARN_EMPTY_BODY = YES;
				CLANG_WARN_ENUM_CONVERSION = YES;
				CLANG_WARN_INFINITE_RECURSION = YES;
				CLANG_WARN_INT_CONVERSION = YES;
				CLANG_WARN_NON_LITERAL_NULL_CONVERSION = YES;
				CLANG_WARN_OBJC_IMPLICIT_RETAIN_SELF = YES;
				CLANG_WARN_OBJC_LITERAL_CONVERSION = YES;
				CLANG_WARN_OBJC_ROOT_CLASS = YES_ERROR;
				CLANG_WARN_QUOTED_INCLUDE_IN_FRAMEWORK_HEADER = YES;
				CLANG_WARN_RANGE_LOOP_ANALYSIS = YES;
				CLANG_WARN_STRICT_PROTOTYPES = YES;
				CLANG_WARN_SUSPICIOUS_MOVE = YES;
				CLANG_WARN_UNGUARDED_AVAILABILITY = YES_AGGRESSIVE;
				CLANG_WARN_UNREACHABLE_CODE = YES;
				CLANG_WARN__DUPLICATE_METHOD_MATCH = YES;
				COPY_PHASE_STRIP = NO;
				DEBUG_INFORMATION_FORMAT = "dwarf-with-dsym";
				ENABLE_NS_ASSERTIONS = NO;
				ENABLE_STRICT_OBJC_MSGSEND = YES;
				ENABLE_USER_SCRIPT_SANDBOXING = YES;
				GCC_C_LANGUAGE_STANDARD = gnu17;
				GCC_NO_COMMON_BLOCKS = YES;
				GCC_WARN_64_TO_32_BIT_CONVERSION = YES;
				GCC_WARN_ABOUT_RETURN_TYPE = YES_ERROR;
				GCC_WARN_UNDECLARED_SELECTOR = YES;
				GCC_WARN_UNINITIALIZED_AUTOS = YES_AGGRESSIVE;
				GCC_WARN_UNUSED_FUNCTION = YES;
				GCC_WARN_UNUSED_VARIABLE = YES;
				IPHONEOS_DEPLOYMENT_TARGET = 18.2;
				LOCALIZATION_PREFERS_STRING_CATALOGS = YES;
				MTL_ENABLE_DEBUG_INFO = NO;
				MTL_FAST_MATH = YES;
				SDKROOT = iphoneos;
				SWIFT_COMPILATION_MODE = wholemodule;
				VALIDATE_PRODUCT = YES;
			};
			name = Release;
		};
		02A412F32D79EEAE0015206B /* Debug */ = {
			isa = XCBuildConfiguration;
			buildSettings = {
				BUNDLE_LOADER = "$(TEST_HOST)";
				CODE_SIGN_STYLE = Automatic;
				CURRENT_PROJECT_VERSION = 1;
				DEVELOPMENT_TEAM = LAC37QCH22;
				GENERATE_INFOPLIST_FILE = YES;
				IPHONEOS_DEPLOYMENT_TARGET = 18.2;
				MARKETING_VERSION = 1.0;
				PRODUCT_BUNDLE_IDENTIFIER = abitova.MHAheroRandomizerTests;
				PRODUCT_NAME = "$(TARGET_NAME)";
				SWIFT_EMIT_LOC_STRINGS = NO;
				SWIFT_VERSION = 5.0;
				TARGETED_DEVICE_FAMILY = "1,2";
				TEST_HOST = "$(BUILT_PRODUCTS_DIR)/MHAheroRandomizer.app/$(BUNDLE_EXECUTABLE_FOLDER_PATH)/MHAheroRandomizer";
			};
			name = Debug;
		};
		02A412F42D79EEAE0015206B /* Release */ = {
			isa = XCBuildConfiguration;
			buildSettings = {
				BUNDLE_LOADER = "$(TEST_HOST)";
				CODE_SIGN_STYLE = Automatic;
				CURRENT_PROJECT_VERSION = 1;
				DEVELOPMENT_TEAM = LAC37QCH22;
				GENERATE_INFOPLIST_FILE = YES;
				IPHONEOS_DEPLOYMENT_TARGET = 18.2;
				MARKETING_VERSION = 1.0;
				PRODUCT_BUNDLE_IDENTIFIER = abitova.MHAheroRandomizerTests;
				PRODUCT_NAME = "$(TARGET_NAME)";
				SWIFT_EMIT_LOC_STRINGS = NO;
				SWIFT_VERSION = 5.0;
				TARGETED_DEVICE_FAMILY = "1,2";
				TEST_HOST = "$(BUILT_PRODUCTS_DIR)/MHAheroRandomizer.app/$(BUNDLE_EXECUTABLE_FOLDER_PATH)/MHAheroRandomizer";
			};
			name = Release;
		};
		02A412F62D79EEAE0015206B /* Debug */ = {
			isa = XCBuildConfiguration;
			buildSettings = {
				CODE_SIGN_STYLE = Automatic;
				CURRENT_PROJECT_VERSION = 1;
				DEVELOPMENT_TEAM = LAC37QCH22;
				GENERATE_INFOPLIST_FILE = YES;
				MARKETING_VERSION = 1.0;
				PRODUCT_BUNDLE_IDENTIFIER = abitova.MHAheroRandomizerUITests;
				PRODUCT_NAME = "$(TARGET_NAME)";
				SWIFT_EMIT_LOC_STRINGS = NO;
				SWIFT_VERSION = 5.0;
				TARGETED_DEVICE_FAMILY = "1,2";
				TEST_TARGET_NAME = MHAheroRandomizer;
			};
			name = Debug;
		};
		02A412F72D79EEAE0015206B /* Release */ = {
			isa = XCBuildConfiguration;
			buildSettings = {
				CODE_SIGN_STYLE = Automatic;
				CURRENT_PROJECT_VERSION = 1;
				DEVELOPMENT_TEAM = LAC37QCH22;
				GENERATE_INFOPLIST_FILE = YES;
				MARKETING_VERSION = 1.0;
				PRODUCT_BUNDLE_IDENTIFIER = abitova.MHAheroRandomizerUITests;
				PRODUCT_NAME = "$(TARGET_NAME)";
				SWIFT_EMIT_LOC_STRINGS = NO;
				SWIFT_VERSION = 5.0;
				TARGETED_DEVICE_FAMILY = "1,2";
				TEST_TARGET_NAME = MHAheroRandomizer;
			};
			name = Release;
		};
/* End XCBuildConfiguration section */

/* Begin XCConfigurationList section */
		02A412BF2D79EEAB0015206B /* Build configuration list for PBXProject "MHAheroRandomizer" */ = {
			isa = XCConfigurationList;
			buildConfigurations = (
				02A412F02D79EEAE0015206B /* Debug */,
				02A412F12D79EEAE0015206B /* Release */,
			);
			defaultConfigurationIsVisible = 0;
			defaultConfigurationName = Release;
		};
		02A412ED2D79EEAE0015206B /* Build configuration list for PBXNativeTarget "MHAheroRandomizer" */ = {
			isa = XCConfigurationList;
			buildConfigurations = (
				02A412EE2D79EEAE0015206B /* Debug */,
				02A412EF2D79EEAE0015206B /* Release */,
			);
			defaultConfigurationIsVisible = 0;
			defaultConfigurationName = Release;
		};
		02A412F22D79EEAE0015206B /* Build configuration list for PBXNativeTarget "MHAheroRandomizerTests" */ = {
			isa = XCConfigurationList;
			buildConfigurations = (
				02A412F32D79EEAE0015206B /* Debug */,
				02A412F42D79EEAE0015206B /* Release */,
			);
			defaultConfigurationIsVisible = 0;
			defaultConfigurationName = Release;
		};
		02A412F52D79EEAE0015206B /* Build configuration list for PBXNativeTarget "MHAheroRandomizerUITests" */ = {
			isa = XCConfigurationList;
			buildConfigurations = (
				02A412F62D79EEAE0015206B /* Debug */,
				02A412F72D79EEAE0015206B /* Release */,
			);
			defaultConfigurationIsVisible = 0;
			defaultConfigurationName = Release;
		};
/* End XCConfigurationList section */
	};
	rootObject = 02A412BC2D79EEAB0015206B /* Project object */;
}
